
Microsoft Visual Studio Solution File, Format Version 12.00
# Visual Studio Version 17
VisualStudioVersion = 17.8.34525.116
MinimumVisualStudioVersion = 10.0.40219.1
Project("{FAE04EC0-301F-11D3-BF4B-00C04F79EFBC}") = "NW.Shared.Validation", "src\NW.Shared.Validation\NW.Shared.Validation.csproj", "{225DBD33-75C1-481B-BC1A-6AB26A5554BA}"
EndProject
Project("{FAE04EC0-301F-11D3-BF4B-00C04F79EFBC}") = "NW.Shared.Validation.UnitTests", "tests\NW.Shared.Validation.UnitTests\NW.Shared.Validation.UnitTests.csproj", "{1EF1EF86-D391-48F2-8E9E-70D8C1CF021D}"
EndProject
Global
	GlobalSection(SolutionConfigurationPlatforms) = preSolution
		Debug|Any CPU = Debug|Any CPU
		Release|Any CPU = Release|Any CPU
	EndGlobalSection
	GlobalSection(ProjectConfigurationPlatforms) = postSolution
		{225DBD33-75C1-481B-BC1A-6AB26A5554BA}.Debug|Any CPU.ActiveCfg = Debug|Any CPU
		{225DBD33-75C1-481B-BC1A-6AB26A5554BA}.Debug|Any CPU.Build.0 = Debug|Any CPU
		{225DBD33-75C1-481B-BC1A-6AB26A5554BA}.Release|Any CPU.ActiveCfg = Release|Any CPU
		{225DBD33-75C1-481B-BC1A-6AB26A5554BA}.Release|Any CPU.Build.0 = Release|Any CPU
		{1EF1EF86-D391-48F2-8E9E-70D8C1CF021D}.Debug|Any CPU.ActiveCfg = Debug|Any CPU
		{1EF1EF86-D391-48F2-8E9E-70D8C1CF021D}.Debug|Any CPU.Build.0 = Debug|Any CPU
		{1EF1EF86-D391-48F2-8E9E-70D8C1CF021D}.Release|Any CPU.ActiveCfg = Release|Any CPU
		{1EF1EF86-D391-48F2-8E9E-70D8C1CF021D}.Release|Any CPU.Build.0 = Release|Any CPU
	EndGlobalSection
	GlobalSection(SolutionProperties) = preSolution
		HideSolutionNode = FALSE
	EndGlobalSection
	GlobalSection(ExtensibilityGlobals) = postSolution
		SolutionGuid = {38F7000B-18F6-4A43-B085-1459F6455ED4}
	EndGlobalSection
EndGlobal
